# This file is autogenerated, do not edit; changes may be undone by the next 'dep ensure'.


[[projects]]
  digest = "1:1475284f4da1954edf470db7a1a4c02273b575df44e423a70c9252809ceff644"
  name = "github.com/neo4j-drivers/gobolt"
  packages = ["."]
  pruneopts = "UT"
  revision = "5c8150e392c88792913393e416a1a63124f03daf"
  version = "v1.7.1"

[[projects]]
  digest = "1:a429871285bf7df45ea4aa48a0f4690b20b9539c13993bcf681dbf1dbc3bbb0a"
  name = "github.com/neo4j/neo4j-go-driver"
  packages = ["neo4j"]
  pruneopts = "UT"
  revision = "3d89bb7ca1189cd9e8814e93de9a8227785ba595"
  version = "v1.7.1"

[[projects]]
  branch = "v1"
  digest = "1:e502bc533d967075d0b12c42d521d1f42bb8c9e169035fdf97167dc93aee4887"
  name = "gopkg.in/cq.v1"
  packages = [
    ".",
    "types",
  ]
  pruneopts = "UT"
  revision = "7f0e9fbd62dcef11a1721aa157515c2869bfebb6"

[solve-meta]
  analyzer-name = "dep"
  analyzer-version = 1
  input-imports = [
    "github.com/neo4j/neo4j-go-driver/neo4j",
    "gopkg.in/cq.v1",
  ]
  solver-name = "gps-cdcl"
  solver-version = 1
